
Microsoft Visual Studio Solution File, Format Version 12.00
Project("{FAE04EC0-301F-11D3-BF4B-00C04F79EFBC}") = "CpuUsage.Core", "CpuUsage.Core\CpuUsage.Core.csproj", "{9CE6ECF2-199A-40B2-B8C5-886F89433780}"
EndProject
Project("{FAE04EC0-301F-11D3-BF4B-00C04F79EFBC}") = "CpuUsage.LoadSimulations", "CpuUsage.LoadSimulations\CpuUsage.LoadSimulations.csproj", "{E1131DF6-2F61-499C-93C7-42CBAFF37F98}"
EndProject
Project("{FAE04EC0-301F-11D3-BF4B-00C04F79EFBC}") = "CpuUsage.Benchmark", "CpuUsage.Benchmark\CpuUsage.Benchmark.csproj", "{483A5A5C-59AF-42BE-93EC-60A41ABEA8D3}"
EndProject
Global
	GlobalSection(SolutionConfigurationPlatforms) = preSolution
		Debug|Any CPU = Debug|Any CPU
		Release|Any CPU = Release|Any CPU
	EndGlobalSection
	GlobalSection(ProjectConfigurationPlatforms) = postSolution
		{9CE6ECF2-199A-40B2-B8C5-886F89433780}.Debug|Any CPU.ActiveCfg = Debug|Any CPU
		{9CE6ECF2-199A-40B2-B8C5-886F89433780}.Debug|Any CPU.Build.0 = Debug|Any CPU
		{9CE6ECF2-199A-40B2-B8C5-886F89433780}.Release|Any CPU.ActiveCfg = Release|Any CPU
		{9CE6ECF2-199A-40B2-B8C5-886F89433780}.Release|Any CPU.Build.0 = Release|Any CPU
		{E1131DF6-2F61-499C-93C7-42CBAFF37F98}.Debug|Any CPU.ActiveCfg = Debug|Any CPU
		{E1131DF6-2F61-499C-93C7-42CBAFF37F98}.Debug|Any CPU.Build.0 = Debug|Any CPU
		{E1131DF6-2F61-499C-93C7-42CBAFF37F98}.Release|Any CPU.ActiveCfg = Release|Any CPU
		{E1131DF6-2F61-499C-93C7-42CBAFF37F98}.Release|Any CPU.Build.0 = Release|Any CPU
		{483A5A5C-59AF-42BE-93EC-60A41ABEA8D3}.Debug|Any CPU.ActiveCfg = Debug|Any CPU
		{483A5A5C-59AF-42BE-93EC-60A41ABEA8D3}.Debug|Any CPU.Build.0 = Debug|Any CPU
		{483A5A5C-59AF-42BE-93EC-60A41ABEA8D3}.Release|Any CPU.ActiveCfg = Release|Any CPU
		{483A5A5C-59AF-42BE-93EC-60A41ABEA8D3}.Release|Any CPU.Build.0 = Release|Any CPU
	EndGlobalSection
EndGlobal
